
Microsoft Visual Studio Solution File, Format Version 12.00
# Visual Studio Version 17
VisualStudioVersion = 17.14.36301.6 d17.14
MinimumVisualStudioVersion = 10.0.40219.1
Project("{FAE04EC0-301F-11D3-BF4B-00C04F79EFBC}") = "APIVersioning", "APIVersioning\APIVersioning.csproj", "{F991AE16-E65F-4D5C-8AA0-E1320326BA0B}"
EndProject
Global
	GlobalSection(SolutionConfigurationPlatforms) = preSolution
		Debug|Any CPU = Debug|Any CPU
		Release|Any CPU = Release|Any CPU
	EndGlobalSection
	GlobalSection(ProjectConfigurationPlatforms) = postSolution
		{F991AE16-E65F-4D5C-8AA0-E1320326BA0B}.Debug|Any CPU.ActiveCfg = Debug|Any CPU
		{F991AE16-E65F-4D5C-8AA0-E1320326BA0B}.Debug|Any CPU.Build.0 = Debug|Any CPU
		{F991AE16-E65F-4D5C-8AA0-E1320326BA0B}.Release|Any CPU.ActiveCfg = Release|Any CPU
		{F991AE16-E65F-4D5C-8AA0-E1320326BA0B}.Release|Any CPU.Build.0 = Release|Any CPU
	EndGlobalSection
	GlobalSection(SolutionProperties) = preSolution
		HideSolutionNode = FALSE
	EndGlobalSection
	GlobalSection(ExtensibilityGlobals) = postSolution
		SolutionGuid = {1EE76494-91E3-4066-9CC4-C5C9647DB9DD}
	EndGlobalSection
EndGlobal
